
Microsoft Visual Studio Solution File, Format Version 12.00
# Visual Studio Version 16
VisualStudioVersion = 16.0.30225.117
MinimumVisualStudioVersion = 10.0.40219.1
Project("{FAE04EC0-301F-11D3-BF4B-00C04F79EFBC}") = "JWGL", "JWGL\JWGL.csproj", "{E3BE0144-5091-4E75-97FD-89C6F22A0136}"
EndProject
Project("{FAE04EC0-301F-11D3-BF4B-00C04F79EFBC}") = "Model", "..\..\17145217汤鲁斌\17145217汤鲁斌\Model\Model.csproj", "{FBD4AFE0-3E94-4433-9017-9A61E381BE90}"
EndProject
Project("{FAE04EC0-301F-11D3-BF4B-00C04F79EFBC}") = "MySchoolBLL", "..\..\17145217汤鲁斌\17145217汤鲁斌\MySchoolBLL\MySchoolBLL.csproj", "{3DC68DBF-07E0-403B-84DE-87DAFD7F8959}"
EndProject
Project("{FAE04EC0-301F-11D3-BF4B-00C04F79EFBC}") = "MySchoolDAL", "..\..\17145217汤鲁斌\17145217汤鲁斌\MySchoolDAL\MySchoolDAL.csproj", "{48F9C3CD-374E-4343-95B8-958CD3319F2B}"
EndProject
Global
	GlobalSection(SolutionConfigurationPlatforms) = preSolution
		Debug|Any CPU = Debug|Any CPU
		Release|Any CPU = Release|Any CPU
	EndGlobalSection
	GlobalSection(ProjectConfigurationPlatforms) = postSolution
		{E3BE0144-5091-4E75-97FD-89C6F22A0136}.Debug|Any CPU.ActiveCfg = Debug|Any CPU
		{E3BE0144-5091-4E75-97FD-89C6F22A0136}.Debug|Any CPU.Build.0 = Debug|Any CPU
		{E3BE0144-5091-4E75-97FD-89C6F22A0136}.Release|Any CPU.ActiveCfg = Release|Any CPU
		{E3BE0144-5091-4E75-97FD-89C6F22A0136}.Release|Any CPU.Build.0 = Release|Any CPU
		{FBD4AFE0-3E94-4433-9017-9A61E381BE90}.Debug|Any CPU.ActiveCfg = Debug|Any CPU
		{FBD4AFE0-3E94-4433-9017-9A61E381BE90}.Debug|Any CPU.Build.0 = Debug|Any CPU
		{FBD4AFE0-3E94-4433-9017-9A61E381BE90}.Release|Any CPU.ActiveCfg = Release|Any CPU
		{FBD4AFE0-3E94-4433-9017-9A61E381BE90}.Release|Any CPU.Build.0 = Release|Any CPU
		{3DC68DBF-07E0-403B-84DE-87DAFD7F8959}.Debug|Any CPU.ActiveCfg = Debug|Any CPU
		{3DC68DBF-07E0-403B-84DE-87DAFD7F8959}.Debug|Any CPU.Build.0 = Debug|Any CPU
		{3DC68DBF-07E0-403B-84DE-87DAFD7F8959}.Release|Any CPU.ActiveCfg = Release|Any CPU
		{3DC68DBF-07E0-403B-84DE-87DAFD7F8959}.Release|Any CPU.Build.0 = Release|Any CPU
		{48F9C3CD-374E-4343-95B8-958CD3319F2B}.Debug|Any CPU.ActiveCfg = Debug|Any CPU
		{48F9C3CD-374E-4343-95B8-958CD3319F2B}.Debug|Any CPU.Build.0 = Debug|Any CPU
		{48F9C3CD-374E-4343-95B8-958CD3319F2B}.Release|Any CPU.ActiveCfg = Release|Any CPU
		{48F9C3CD-374E-4343-95B8-958CD3319F2B}.Release|Any CPU.Build.0 = Release|Any CPU
	EndGlobalSection
	GlobalSection(SolutionProperties) = preSolution
		HideSolutionNode = FALSE
	EndGlobalSection
	GlobalSection(ExtensibilityGlobals) = postSolution
		SolutionGuid = {3EBF615E-0433-4BA3-B0FB-214DB31CCA37}
	EndGlobalSection
EndGlobal
